
Microsoft Visual Studio Solution File, Format Version 12.00
# Visual Studio Version 17
VisualStudioVersion = 17.3.32825.248
MinimumVisualStudioVersion = 10.0.40219.1
Project("{FAE04EC0-301F-11D3-BF4B-00C04F79EFBC}") = "CSharpproject", "CSharpproject.csproj", "{638856E2-BE09-4960-9ABB-F28049532D83}"
EndProject
Global
	GlobalSection(SolutionConfigurationPlatforms) = preSolution
		Debug|Any CPU = Debug|Any CPU
		Release|Any CPU = Release|Any CPU
	EndGlobalSection
	GlobalSection(ProjectConfigurationPlatforms) = postSolution
		{638856E2-BE09-4960-9ABB-F28049532D83}.Debug|Any CPU.ActiveCfg = Debug|Any CPU
		{638856E2-BE09-4960-9ABB-F28049532D83}.Debug|Any CPU.Build.0 = Debug|Any CPU
		{638856E2-BE09-4960-9ABB-F28049532D83}.Release|Any CPU.ActiveCfg = Release|Any CPU
		{638856E2-BE09-4960-9ABB-F28049532D83}.Release|Any CPU.Build.0 = Release|Any CPU
	EndGlobalSection
	GlobalSection(SolutionProperties) = preSolution
		HideSolutionNode = FALSE
	EndGlobalSection
	GlobalSection(ExtensibilityGlobals) = postSolution
		SolutionGuid = {80E21621-68BC-4AD0-AA48-2645DB1E0BF5}
	EndGlobalSection
EndGlobal
